
Microsoft Visual Studio Solution File, Format Version 12.00
# Visual Studio Version 17
VisualStudioVersion = 17.0.31903.59
MinimumVisualStudioVersion = 10.0.40219.1
Project("{2150E333-8FDC-42A3-9474-1A3956D46DE8}") = "src", "src", "{884FF96C-BE0B-4E9C-9F61-7E9915922605}"
EndProject
Project("{2150E333-8FDC-42A3-9474-1A3956D46DE8}") = "BuildingBlocks", "BuildingBlocks", "{A59848F1-091D-4743-BFA8-FE09B6A9064C}"
EndProject
Project("{FAE04EC0-301F-11D3-BF4B-00C04F79EFBC}") = "ShopOrbit.BuildingBlocks", "src\BuildingBlocks\ShopOrbit.BuildingBlocks\ShopOrbit.BuildingBlocks.csproj", "{C55173B1-7EA8-4A4C-9789-84443BA0DB9F}"
EndProject
Project("{2150E333-8FDC-42A3-9474-1A3956D46DE8}") = "Services", "Services", "{B79807C3-AB5F-4C5B-A6A5-E9AAEF383E80}"
EndProject
Project("{2150E333-8FDC-42A3-9474-1A3956D46DE8}") = "Identity", "Identity", "{19EC7E23-3D0A-4BE2-992E-8D5BE256F335}"
EndProject
Project("{FAE04EC0-301F-11D3-BF4B-00C04F79EFBC}") = "ShopOrbit.Identity.API", "src\Services\Identity\ShopOrbit.Identity.API\ShopOrbit.Identity.API.csproj", "{199AE2B0-DEFD-430A-B4E3-876F1E62950C}"
EndProject
Project("{2150E333-8FDC-42A3-9474-1A3956D46DE8}") = "Catalog", "Catalog", "{D0FDDEEA-675A-4B75-BEA4-01B87087FED6}"
EndProject
Project("{FAE04EC0-301F-11D3-BF4B-00C04F79EFBC}") = "ShopOrbit.Catalog.API", "src\Services\Catalog\ShopOrbit.Catalog.API\ShopOrbit.Catalog.API.csproj", "{DF5358E0-E1F6-4842-992D-91D32DBEF2BA}"
EndProject
Project("{2150E333-8FDC-42A3-9474-1A3956D46DE8}") = "Ordering", "Ordering", "{93836205-8D66-450B-83BA-830E7C972CDF}"
EndProject
Project("{FAE04EC0-301F-11D3-BF4B-00C04F79EFBC}") = "ShopOrbit.Ordering.API", "src\Services\Ordering\ShopOrbit.Ordering.API\ShopOrbit.Ordering.API.csproj", "{5E1D2841-0127-4D9A-B833-B4E7C081F20F}"
EndProject
Project("{2150E333-8FDC-42A3-9474-1A3956D46DE8}") = "Gateways", "Gateways", "{9EB0E29B-23A1-4123-9835-326F9553A236}"
EndProject
Project("{FAE04EC0-301F-11D3-BF4B-00C04F79EFBC}") = "ShopOrbit.Gateway", "src\Gateways\ShopOrbit.Gateway\ShopOrbit.Gateway.csproj", "{CAB28D3F-90BA-4731-867A-4F6088BCEB12}"
EndProject
Project("{2150E333-8FDC-42A3-9474-1A3956D46DE8}") = "Payment", "Payment", "{B5B63C52-44F1-404C-8826-525E4A383C24}"
EndProject
Project("{FAE04EC0-301F-11D3-BF4B-00C04F79EFBC}") = "ShopOrbit.Payments.API", "src\Services\Payment\ShopOrbit.Payments.API\ShopOrbit.Payments.API.csproj", "{0001BF06-ED25-4277-971C-DCAEFF230D5D}"
EndProject
Project("{2150E333-8FDC-42A3-9474-1A3956D46DE8}") = "Basket", "Basket", "{C602D3B6-9ACD-4352-9953-491E1741FA2A}"
EndProject
Project("{FAE04EC0-301F-11D3-BF4B-00C04F79EFBC}") = "ShopOrbit.Basket.API", "src\Services\Basket\ShopOrbit.Basket.API\ShopOrbit.Basket.API.csproj", "{5D114290-70C2-4BBA-88AB-42BBB9136320}"
EndProject
Global
	GlobalSection(SolutionConfigurationPlatforms) = preSolution
		Debug|Any CPU = Debug|Any CPU
		Release|Any CPU = Release|Any CPU
	EndGlobalSection
	GlobalSection(SolutionProperties) = preSolution
		HideSolutionNode = FALSE
	EndGlobalSection
	GlobalSection(ProjectConfigurationPlatforms) = postSolution
		{C55173B1-7EA8-4A4C-9789-84443BA0DB9F}.Debug|Any CPU.ActiveCfg = Debug|Any CPU
		{C55173B1-7EA8-4A4C-9789-84443BA0DB9F}.Debug|Any CPU.Build.0 = Debug|Any CPU
		{C55173B1-7EA8-4A4C-9789-84443BA0DB9F}.Release|Any CPU.ActiveCfg = Release|Any CPU
		{C55173B1-7EA8-4A4C-9789-84443BA0DB9F}.Release|Any CPU.Build.0 = Release|Any CPU
		{199AE2B0-DEFD-430A-B4E3-876F1E62950C}.Debug|Any CPU.ActiveCfg = Debug|Any CPU
		{199AE2B0-DEFD-430A-B4E3-876F1E62950C}.Debug|Any CPU.Build.0 = Debug|Any CPU
		{199AE2B0-DEFD-430A-B4E3-876F1E62950C}.Release|Any CPU.ActiveCfg = Release|Any CPU
		{199AE2B0-DEFD-430A-B4E3-876F1E62950C}.Release|Any CPU.Build.0 = Release|Any CPU
		{DF5358E0-E1F6-4842-992D-91D32DBEF2BA}.Debug|Any CPU.ActiveCfg = Debug|Any CPU
		{DF5358E0-E1F6-4842-992D-91D32DBEF2BA}.Debug|Any CPU.Build.0 = Debug|Any CPU
		{DF5358E0-E1F6-4842-992D-91D32DBEF2BA}.Release|Any CPU.ActiveCfg = Release|Any CPU
		{DF5358E0-E1F6-4842-992D-91D32DBEF2BA}.Release|Any CPU.Build.0 = Release|Any CPU
		{5E1D2841-0127-4D9A-B833-B4E7C081F20F}.Debug|Any CPU.ActiveCfg = Debug|Any CPU
		{5E1D2841-0127-4D9A-B833-B4E7C081F20F}.Debug|Any CPU.Build.0 = Debug|Any CPU
		{5E1D2841-0127-4D9A-B833-B4E7C081F20F}.Release|Any CPU.ActiveCfg = Release|Any CPU
		{5E1D2841-0127-4D9A-B833-B4E7C081F20F}.Release|Any CPU.Build.0 = Release|Any CPU
		{CAB28D3F-90BA-4731-867A-4F6088BCEB12}.Debug|Any CPU.ActiveCfg = Debug|Any CPU
		{CAB28D3F-90BA-4731-867A-4F6088BCEB12}.Debug|Any CPU.Build.0 = Debug|Any CPU
		{CAB28D3F-90BA-4731-867A-4F6088BCEB12}.Release|Any CPU.ActiveCfg = Release|Any CPU
		{CAB28D3F-90BA-4731-867A-4F6088BCEB12}.Release|Any CPU.Build.0 = Release|Any CPU
		{0001BF06-ED25-4277-971C-DCAEFF230D5D}.Debug|Any CPU.ActiveCfg = Debug|Any CPU
		{0001BF06-ED25-4277-971C-DCAEFF230D5D}.Debug|Any CPU.Build.0 = Debug|Any CPU
		{0001BF06-ED25-4277-971C-DCAEFF230D5D}.Release|Any CPU.ActiveCfg = Release|Any CPU
		{0001BF06-ED25-4277-971C-DCAEFF230D5D}.Release|Any CPU.Build.0 = Release|Any CPU
		{5D114290-70C2-4BBA-88AB-42BBB9136320}.Debug|Any CPU.ActiveCfg = Debug|Any CPU
		{5D114290-70C2-4BBA-88AB-42BBB9136320}.Debug|Any CPU.Build.0 = Debug|Any CPU
		{5D114290-70C2-4BBA-88AB-42BBB9136320}.Release|Any CPU.ActiveCfg = Release|Any CPU
		{5D114290-70C2-4BBA-88AB-42BBB9136320}.Release|Any CPU.Build.0 = Release|Any CPU
	EndGlobalSection
	GlobalSection(NestedProjects) = preSolution
		{A59848F1-091D-4743-BFA8-FE09B6A9064C} = {884FF96C-BE0B-4E9C-9F61-7E9915922605}
		{C55173B1-7EA8-4A4C-9789-84443BA0DB9F} = {A59848F1-091D-4743-BFA8-FE09B6A9064C}
		{B79807C3-AB5F-4C5B-A6A5-E9AAEF383E80} = {884FF96C-BE0B-4E9C-9F61-7E9915922605}
		{19EC7E23-3D0A-4BE2-992E-8D5BE256F335} = {B79807C3-AB5F-4C5B-A6A5-E9AAEF383E80}
		{199AE2B0-DEFD-430A-B4E3-876F1E62950C} = {19EC7E23-3D0A-4BE2-992E-8D5BE256F335}
		{D0FDDEEA-675A-4B75-BEA4-01B87087FED6} = {B79807C3-AB5F-4C5B-A6A5-E9AAEF383E80}
		{DF5358E0-E1F6-4842-992D-91D32DBEF2BA} = {D0FDDEEA-675A-4B75-BEA4-01B87087FED6}
		{93836205-8D66-450B-83BA-830E7C972CDF} = {B79807C3-AB5F-4C5B-A6A5-E9AAEF383E80}
		{5E1D2841-0127-4D9A-B833-B4E7C081F20F} = {93836205-8D66-450B-83BA-830E7C972CDF}
		{9EB0E29B-23A1-4123-9835-326F9553A236} = {884FF96C-BE0B-4E9C-9F61-7E9915922605}
		{CAB28D3F-90BA-4731-867A-4F6088BCEB12} = {9EB0E29B-23A1-4123-9835-326F9553A236}
		{B5B63C52-44F1-404C-8826-525E4A383C24} = {B79807C3-AB5F-4C5B-A6A5-E9AAEF383E80}
		{0001BF06-ED25-4277-971C-DCAEFF230D5D} = {B5B63C52-44F1-404C-8826-525E4A383C24}
		{C602D3B6-9ACD-4352-9953-491E1741FA2A} = {B79807C3-AB5F-4C5B-A6A5-E9AAEF383E80}
		{5D114290-70C2-4BBA-88AB-42BBB9136320} = {C602D3B6-9ACD-4352-9953-491E1741FA2A}
	EndGlobalSection
EndGlobal
